PODS:
  - cos_tencent_plugin (0.0.1):
    - Flutter
    - QCloudCOSXML/Transfer
  - Flutter (1.0.0)
  - QCloudCore/WithoutMTA (5.9.9)
  - QCloudCOSXML/Transfer (5.9.9):
    - QCloudCore/WithoutMTA (= 5.9.9)

DEPENDENCIES:
  - cos_tencent_plugin (from `.symlinks/plugins/cos_tencent_plugin/ios`)
  - Flutter (from `Flutter`)

SPEC REPOS:
  trunk:
    - QCloudCore
    - QCloudCOSXML

EXTERNAL SOURCES:
  cos_tencent_plugin:
    :path: ".symlinks/plugins/cos_tencent_plugin/ios"
  Flutter:
    :path: Flutter

SPEC CHECKSUMS:
  cos_tencent_plugin: 3b68691f4473ce33b06ae571634287fdc819cc3f
  Flutter: 50d75fe2f02b26cc09d224853bb45737f8b3214a
  QCloudCore: 6a301f04a4e8f53599b27dc3e0303e49b059e54a
  QCloudCOSXML: f91d4457b0746b7a3e9fe495e484eb9b32577609

PODFILE CHECKSUM: dc085884ed4e421ef16c4866e980d8c2c0d89db1

COCOAPODS: 1.11.2
